
Microsoft Visual Studio Solution File, Format Version 12.00
# Visual Studio Version 16
VisualStudioVersion = 16.0.31624.102
MinimumVisualStudioVersion = 10.0.40219.1
Project("{2150E333-8FDC-42A3-9474-1A3956D46DE8}") = "Domain", "Domain", "{FF1716D6-3CFD-4B31-A6B4-ADD795818951}"
EndProject
Project("{9A19103F-16F7-4668-BE54-9A1E7A4F7556}") = "APlus.Domain", "APlus.Domain\APlus.Domain.csproj", "{7DA94E08-E170-4279-9627-E9546431F40D}"
EndProject
Project("{2150E333-8FDC-42A3-9474-1A3956D46DE8}") = "DTO", "DTO", "{03D005A6-0C3A-4971-B4CD-E58B2B49EF1F}"
EndProject
Project("{2150E333-8FDC-42A3-9474-1A3956D46DE8}") = "Application", "Application", "{5E8DFC4C-8D2E-4772-92A6-A8B7915AEA1F}"
EndProject
Project("{2150E333-8FDC-42A3-9474-1A3956D46DE8}") = "API", "API", "{215DE4AC-CE9F-4A36-96D5-3F8A2CDB3F1A}"
EndProject
Project("{2150E333-8FDC-42A3-9474-1A3956D46DE8}") = "Infacstructure", "Infacstructure", "{FE664F9E-FA29-4694-A73B-3C93920E7880}"
EndProject
Project("{2150E333-8FDC-42A3-9474-1A3956D46DE8}") = "IoC", "IoC", "{73F5803C-676E-42B8-A631-265540CBADFB}"
EndProject
Project("{9A19103F-16F7-4668-BE54-9A1E7A4F7556}") = "APlus.DTO", "APlus.DTO\APlus.DTO.csproj", "{98285A3E-908D-4FEA-B897-67C7D4EB91D3}"
EndProject
Project("{2150E333-8FDC-42A3-9474-1A3956D46DE8}") = "Data", "Data", "{E21DB886-BFE1-4867-AFAA-F3A43C317532}"
EndProject
Project("{2150E333-8FDC-42A3-9474-1A3956D46DE8}") = "DataAccess", "DataAccess", "{499AB42A-1C9B-40D7-B69A-E3A44F3A2B8C}"
EndProject
Project("{9A19103F-16F7-4668-BE54-9A1E7A4F7556}") = "APlus.Data", "APlus.Data\APlus.Data.csproj", "{3AB46EEC-AAA0-45A6-84D3-9D7681AB40FF}"
EndProject
Project("{9A19103F-16F7-4668-BE54-9A1E7A4F7556}") = "APlus.DataAccess", "APlus.DataAccess\APlus.DataAccess.csproj", "{6C3FA439-F3AC-44D0-8233-6C90EF65EF6A}"
EndProject
Project("{9A19103F-16F7-4668-BE54-9A1E7A4F7556}") = "APlus.Application", "APlus.Application\APlus.Application.csproj", "{FF5CDD78-2EBE-4546-BDC5-049707189F3B}"
EndProject
Project("{9A19103F-16F7-4668-BE54-9A1E7A4F7556}") = "APlus.IoC", "APlus.IoC\APlus.IoC.csproj", "{278C8212-A554-4516-9094-AAB05B5F3010}"
EndProject
Project("{9A19103F-16F7-4668-BE54-9A1E7A4F7556}") = "APlus.Infacstructure", "APlus.Infacstructure\APlus.Infacstructure.csproj", "{79F27DC1-B8DA-4F21-82CB-7CFFC8951C33}"
EndProject
Project("{9A19103F-16F7-4668-BE54-9A1E7A4F7556}") = "APlus.API", "APlus.API\APlus.API.csproj", "{341590C9-F8B4-4B28-9435-2252A4E9EB63}"
EndProject
Project("{2150E333-8FDC-42A3-9474-1A3956D46DE8}") = "Test", "Test", "{DC6BDAB8-F0F3-490F-88FD-A318CD263739}"
EndProject
Project("{FAE04EC0-301F-11D3-BF4B-00C04F79EFBC}") = "APlus.Test", "APlus.Test\APlus.Test.csproj", "{895505A1-1387-4809-B6A8-90E0321A29B1}"
EndProject
Global
	GlobalSection(SolutionConfigurationPlatforms) = preSolution
		Debug|Any CPU = Debug|Any CPU
		Release|Any CPU = Release|Any CPU
	EndGlobalSection
	GlobalSection(ProjectConfigurationPlatforms) = postSolution
		{7DA94E08-E170-4279-9627-E9546431F40D}.Debug|Any CPU.ActiveCfg = Debug|Any CPU
		{7DA94E08-E170-4279-9627-E9546431F40D}.Debug|Any CPU.Build.0 = Debug|Any CPU
		{7DA94E08-E170-4279-9627-E9546431F40D}.Release|Any CPU.ActiveCfg = Release|Any CPU
		{7DA94E08-E170-4279-9627-E9546431F40D}.Release|Any CPU.Build.0 = Release|Any CPU
		{98285A3E-908D-4FEA-B897-67C7D4EB91D3}.Debug|Any CPU.ActiveCfg = Debug|Any CPU
		{98285A3E-908D-4FEA-B897-67C7D4EB91D3}.Debug|Any CPU.Build.0 = Debug|Any CPU
		{98285A3E-908D-4FEA-B897-67C7D4EB91D3}.Release|Any CPU.ActiveCfg = Release|Any CPU
		{98285A3E-908D-4FEA-B897-67C7D4EB91D3}.Release|Any CPU.Build.0 = Release|Any CPU
		{3AB46EEC-AAA0-45A6-84D3-9D7681AB40FF}.Debug|Any CPU.ActiveCfg = Debug|Any CPU
		{3AB46EEC-AAA0-45A6-84D3-9D7681AB40FF}.Debug|Any CPU.Build.0 = Debug|Any CPU
		{3AB46EEC-AAA0-45A6-84D3-9D7681AB40FF}.Release|Any CPU.ActiveCfg = Release|Any CPU
		{3AB46EEC-AAA0-45A6-84D3-9D7681AB40FF}.Release|Any CPU.Build.0 = Release|Any CPU
		{6C3FA439-F3AC-44D0-8233-6C90EF65EF6A}.Debug|Any CPU.ActiveCfg = Debug|Any CPU
		{6C3FA439-F3AC-44D0-8233-6C90EF65EF6A}.Debug|Any CPU.Build.0 = Debug|Any CPU
		{6C3FA439-F3AC-44D0-8233-6C90EF65EF6A}.Release|Any CPU.ActiveCfg = Release|Any CPU
		{6C3FA439-F3AC-44D0-8233-6C90EF65EF6A}.Release|Any CPU.Build.0 = Release|Any CPU
		{FF5CDD78-2EBE-4546-BDC5-049707189F3B}.Debug|Any CPU.ActiveCfg = Debug|Any CPU
		{FF5CDD78-2EBE-4546-BDC5-049707189F3B}.Debug|Any CPU.Build.0 = Debug|Any CPU
		{FF5CDD78-2EBE-4546-BDC5-049707189F3B}.Release|Any CPU.ActiveCfg = Release|Any CPU
		{FF5CDD78-2EBE-4546-BDC5-049707189F3B}.Release|Any CPU.Build.0 = Release|Any CPU
		{278C8212-A554-4516-9094-AAB05B5F3010}.Debug|Any CPU.ActiveCfg = Debug|Any CPU
		{278C8212-A554-4516-9094-AAB05B5F3010}.Debug|Any CPU.Build.0 = Debug|Any CPU
		{278C8212-A554-4516-9094-AAB05B5F3010}.Release|Any CPU.ActiveCfg = Release|Any CPU
		{278C8212-A554-4516-9094-AAB05B5F3010}.Release|Any CPU.Build.0 = Release|Any CPU
		{79F27DC1-B8DA-4F21-82CB-7CFFC8951C33}.Debug|Any CPU.ActiveCfg = Debug|Any CPU
		{79F27DC1-B8DA-4F21-82CB-7CFFC8951C33}.Debug|Any CPU.Build.0 = Debug|Any CPU
		{79F27DC1-B8DA-4F21-82CB-7CFFC8951C33}.Release|Any CPU.ActiveCfg = Release|Any CPU
		{79F27DC1-B8DA-4F21-82CB-7CFFC8951C33}.Release|Any CPU.Build.0 = Release|Any CPU
		{341590C9-F8B4-4B28-9435-2252A4E9EB63}.Debug|Any CPU.ActiveCfg = Debug|Any CPU
		{341590C9-F8B4-4B28-9435-2252A4E9EB63}.Debug|Any CPU.Build.0 = Debug|Any CPU
		{341590C9-F8B4-4B28-9435-2252A4E9EB63}.Release|Any CPU.ActiveCfg = Release|Any CPU
		{341590C9-F8B4-4B28-9435-2252A4E9EB63}.Release|Any CPU.Build.0 = Release|Any CPU
		{895505A1-1387-4809-B6A8-90E0321A29B1}.Debug|Any CPU.ActiveCfg = Debug|Any CPU
		{895505A1-1387-4809-B6A8-90E0321A29B1}.Debug|Any CPU.Build.0 = Debug|Any CPU
		{895505A1-1387-4809-B6A8-90E0321A29B1}.Release|Any CPU.ActiveCfg = Release|Any CPU
		{895505A1-1387-4809-B6A8-90E0321A29B1}.Release|Any CPU.Build.0 = Release|Any CPU
	EndGlobalSection
	GlobalSection(SolutionProperties) = preSolution
		HideSolutionNode = FALSE
	EndGlobalSection
	GlobalSection(NestedProjects) = preSolution
		{7DA94E08-E170-4279-9627-E9546431F40D} = {FF1716D6-3CFD-4B31-A6B4-ADD795818951}
		{98285A3E-908D-4FEA-B897-67C7D4EB91D3} = {03D005A6-0C3A-4971-B4CD-E58B2B49EF1F}
		{3AB46EEC-AAA0-45A6-84D3-9D7681AB40FF} = {E21DB886-BFE1-4867-AFAA-F3A43C317532}
		{6C3FA439-F3AC-44D0-8233-6C90EF65EF6A} = {499AB42A-1C9B-40D7-B69A-E3A44F3A2B8C}
		{FF5CDD78-2EBE-4546-BDC5-049707189F3B} = {5E8DFC4C-8D2E-4772-92A6-A8B7915AEA1F}
		{278C8212-A554-4516-9094-AAB05B5F3010} = {73F5803C-676E-42B8-A631-265540CBADFB}
		{79F27DC1-B8DA-4F21-82CB-7CFFC8951C33} = {FE664F9E-FA29-4694-A73B-3C93920E7880}
		{341590C9-F8B4-4B28-9435-2252A4E9EB63} = {215DE4AC-CE9F-4A36-96D5-3F8A2CDB3F1A}
		{895505A1-1387-4809-B6A8-90E0321A29B1} = {DC6BDAB8-F0F3-490F-88FD-A318CD263739}
	EndGlobalSection
	GlobalSection(ExtensibilityGlobals) = postSolution
		SolutionGuid = {89E1DD54-1479-467F-A889-E53EE87E5290}
	EndGlobalSection
EndGlobal
